
Microsoft Visual Studio Solution File, Format Version 12.00
# Visual Studio Version 17
VisualStudioVersion = 17.5.002.0
MinimumVisualStudioVersion = 10.0.40219.1
Project("{9A19103F-16F7-4668-BE54-9A1E7A4F7556}") = "RealEstate.WebApi", "RealEstate.WebApi\RealEstate.WebApi.csproj", "{10B71522-614C-4829-9F29-17A2DD54B10F}"
EndProject
Global
	GlobalSection(SolutionConfigurationPlatforms) = preSolution
		Debug|Any CPU = Debug|Any CPU
		Release|Any CPU = Release|Any CPU
	EndGlobalSection
	GlobalSection(ProjectConfigurationPlatforms) = postSolution
		{10B71522-614C-4829-9F29-17A2DD54B10F}.Debug|Any CPU.ActiveCfg = Debug|Any CPU
		{10B71522-614C-4829-9F29-17A2DD54B10F}.Debug|Any CPU.Build.0 = Debug|Any CPU
		{10B71522-614C-4829-9F29-17A2DD54B10F}.Release|Any CPU.ActiveCfg = Release|Any CPU
		{10B71522-614C-4829-9F29-17A2DD54B10F}.Release|Any CPU.Build.0 = Release|Any CPU
	EndGlobalSection
	GlobalSection(SolutionProperties) = preSolution
		HideSolutionNode = FALSE
	EndGlobalSection
	GlobalSection(ExtensibilityGlobals) = postSolution
		SolutionGuid = {657FCE43-65E9-4A03-B648-6936CFAB237B}
	EndGlobalSection
EndGlobal
